
Microsoft Visual Studio Solution File, Format Version 12.00
# Visual Studio Version 17
VisualStudioVersion = 17.11.35222.181
MinimumVisualStudioVersion = 10.0.40219.1
Project("{FAE04EC0-301F-11D3-BF4B-00C04F79EFBC}") = "DVLDMySolution", "DVLDMySolution.csproj", "{04039CFC-EBBD-4874-80FC-744733C4051D}"
EndProject
Project("{FAE04EC0-301F-11D3-BF4B-00C04F79EFBC}") = "DataAccess", "..\Data\DataAccess.csproj", "{65BF7657-E4B2-4FF9-A67F-0DA29B3DF48F}"
EndProject
Project("{FAE04EC0-301F-11D3-BF4B-00C04F79EFBC}") = "Connect", "..\Connect\Connect.csproj", "{C3E4B445-6E8B-436E-8769-55758F82CF47}"
EndProject
Global
	GlobalSection(SolutionConfigurationPlatforms) = preSolution
		Debug|Any CPU = Debug|Any CPU
		Release|Any CPU = Release|Any CPU
	EndGlobalSection
	GlobalSection(ProjectConfigurationPlatforms) = postSolution
		{04039CFC-EBBD-4874-80FC-744733C4051D}.Debug|Any CPU.ActiveCfg = Debug|Any CPU
		{04039CFC-EBBD-4874-80FC-744733C4051D}.Debug|Any CPU.Build.0 = Debug|Any CPU
		{04039CFC-EBBD-4874-80FC-744733C4051D}.Release|Any CPU.ActiveCfg = Release|Any CPU
		{04039CFC-EBBD-4874-80FC-744733C4051D}.Release|Any CPU.Build.0 = Release|Any CPU
		{65BF7657-E4B2-4FF9-A67F-0DA29B3DF48F}.Debug|Any CPU.ActiveCfg = Debug|Any CPU
		{65BF7657-E4B2-4FF9-A67F-0DA29B3DF48F}.Debug|Any CPU.Build.0 = Debug|Any CPU
		{65BF7657-E4B2-4FF9-A67F-0DA29B3DF48F}.Release|Any CPU.ActiveCfg = Release|Any CPU
		{65BF7657-E4B2-4FF9-A67F-0DA29B3DF48F}.Release|Any CPU.Build.0 = Release|Any CPU
		{C3E4B445-6E8B-436E-8769-55758F82CF47}.Debug|Any CPU.ActiveCfg = Debug|Any CPU
		{C3E4B445-6E8B-436E-8769-55758F82CF47}.Debug|Any CPU.Build.0 = Debug|Any CPU
		{C3E4B445-6E8B-436E-8769-55758F82CF47}.Release|Any CPU.ActiveCfg = Release|Any CPU
		{C3E4B445-6E8B-436E-8769-55758F82CF47}.Release|Any CPU.Build.0 = Release|Any CPU
	EndGlobalSection
	GlobalSection(SolutionProperties) = preSolution
		HideSolutionNode = FALSE
	EndGlobalSection
	GlobalSection(ExtensibilityGlobals) = postSolution
		SolutionGuid = {392E8217-7347-4184-B135-37E799396187}
	EndGlobalSection
EndGlobal
